{
  "nodes": {
    "cuda-legacy": {
      "inputs": {
        "flake-parts": [
          "jetpack-nixos",
          "cuda-legacy"
        ],
        "nixpkgs": [
          "jetpack-nixos",
          "nixpkgs"
        ]
      },
      "locked": {
        "lastModified": 1762806692,
        "narHash": "sha256-JhgQIwJe0U2vxj+pu+Sgm+VLgNqucpXtZYGKZOgkQdc=",
        "owner": "nixos-cuda",
        "repo": "cuda-legacy",
        "rev": "9856d70acc3e2ae9081930b33d946326e07f1482",
        "type": "github"
      },
      "original": {
        "owner": "nixos-cuda",
        "repo": "cuda-legacy",
        "type": "github"
      }
    },
    "jetpack-nixos": {
      "inputs": {
        "cuda-legacy": "cuda-legacy",
        "nixpkgs": [
          "nixpkgs"
        ]
      },
      "locked": {
        "lastModified": 1762893463,
        "narHash": "sha256-BC0ozUxjiv9CA6tjP3zWbYtsjGea+krQ2NVlGIchYIY=",
        "owner": "anduril",
        "repo": "jetpack-nixos",
        "rev": "1806d52e8c3e50803f4bb660cba5da6ccb8a863e",
        "type": "github"
      },
      "original": {
        "owner": "anduril",
        "repo": "jetpack-nixos",
        "type": "github"
      }
    },
    "nixpkgs": {
      "locked": {
        "lastModified": 1762962661,
        "narHash": "sha256-KsCSdKMZVaCeA4oJn2sUIvMdCdAQVJCMY7w7PLN0BJ4=",
        "owner": "NixOS",
        "repo": "nixpkgs",
        "rev": "11d90faa5e023c5ba822f051611e2f1ae9d3a378",
        "type": "github"
      },
      "original": {
        "owner": "NixOS",
        "ref": "release-25.05",
        "repo": "nixpkgs",
        "type": "github"
      }
    },
    "root": {
      "inputs": {
        "jetpack-nixos": "jetpack-nixos",
        "nixpkgs": "nixpkgs"
      }
    }
  },
  "root": "root",
  "version": 7
}
